
Microsoft Visual Studio Solution File, Format Version 12.00
# Visual Studio Version 17
VisualStudioVersion = 17.7.34031.279
MinimumVisualStudioVersion = 10.0.40219.1
Project("{FAE04EC0-301F-11D3-BF4B-00C04F79EFBC}") = "Planets", "Planets.csproj", "{096B4F08-3F63-480E-8920-F43C78DF4783}"
EndProject
Global
	GlobalSection(SolutionConfigurationPlatforms) = preSolution
		Debug|Any CPU = Debug|Any CPU
		Release|Any CPU = Release|Any CPU
	EndGlobalSection
	GlobalSection(ProjectConfigurationPlatforms) = postSolution
		{096B4F08-3F63-480E-8920-F43C78DF4783}.Debug|Any CPU.ActiveCfg = Debug|Any CPU
		{096B4F08-3F63-480E-8920-F43C78DF4783}.Debug|Any CPU.Build.0 = Debug|Any CPU
		{096B4F08-3F63-480E-8920-F43C78DF4783}.Release|Any CPU.ActiveCfg = Release|Any CPU
		{096B4F08-3F63-480E-8920-F43C78DF4783}.Release|Any CPU.Build.0 = Release|Any CPU
	EndGlobalSection
	GlobalSection(SolutionProperties) = preSolution
		HideSolutionNode = FALSE
	EndGlobalSection
	GlobalSection(ExtensibilityGlobals) = postSolution
		SolutionGuid = {B27F2D6C-B344-4556-9DF5-07952E70B756}
	EndGlobalSection
EndGlobal
